
Microsoft Visual Studio Solution File, Format Version 12.00
# Visual Studio Version 16
VisualStudioVersion = 16.0.31424.327
MinimumVisualStudioVersion = 10.0.40219.1
Project("{9A19103F-16F7-4668-BE54-9A1E7A4F7556}") = "Authorization", "Authorization\Authorization.csproj", "{9ED6E788-DDC5-421F-9647-93D3724A8EBE}"
EndProject
Project("{9A19103F-16F7-4668-BE54-9A1E7A4F7556}") = "Authorization.Contracts", "Authorization.Contract\Authorization.Contracts.csproj", "{DC90685C-47CD-4381-A218-F4B50B864E11}"
EndProject
Project("{9A19103F-16F7-4668-BE54-9A1E7A4F7556}") = "Authorization.Sql", "Authorization.Sql\Authorization.Sql.csproj", "{145D66E5-D815-4B34-8F65-B68CEF559AFF}"
EndProject
Project("{9A19103F-16F7-4668-BE54-9A1E7A4F7556}") = "Authorization.Abstraction", "Authorization.Abstraction\Authorization.Abstraction.csproj", "{669E3AF6-32FE-489B-93B4-5AA72E73F67D}"
EndProject
Project("{2150E333-8FDC-42A3-9474-1A3956D46DE8}") = "Core", "Core", "{EF7F924E-B432-49EA-987E-1F75E6F5BB70}"
EndProject
Project("{FAE04EC0-301F-11D3-BF4B-00C04F79EFBC}") = "Authorization.Entities", "Authorization.Entities\Authorization.Entities.csproj", "{20D70A3B-43F6-4B20-A080-B26B69557820}"
EndProject
Project("{FAE04EC0-301F-11D3-BF4B-00C04F79EFBC}") = "Authorization.Core", "Authorization.Core\Authorization.Core.csproj", "{BC75539C-CB98-43CD-86F4-ACEF50901992}"
EndProject
Global
	GlobalSection(SolutionConfigurationPlatforms) = preSolution
		Debug|Any CPU = Debug|Any CPU
		Release|Any CPU = Release|Any CPU
	EndGlobalSection
	GlobalSection(ProjectConfigurationPlatforms) = postSolution
		{9ED6E788-DDC5-421F-9647-93D3724A8EBE}.Debug|Any CPU.ActiveCfg = Debug|Any CPU
		{9ED6E788-DDC5-421F-9647-93D3724A8EBE}.Debug|Any CPU.Build.0 = Debug|Any CPU
		{9ED6E788-DDC5-421F-9647-93D3724A8EBE}.Release|Any CPU.ActiveCfg = Release|Any CPU
		{9ED6E788-DDC5-421F-9647-93D3724A8EBE}.Release|Any CPU.Build.0 = Release|Any CPU
		{DC90685C-47CD-4381-A218-F4B50B864E11}.Debug|Any CPU.ActiveCfg = Debug|Any CPU
		{DC90685C-47CD-4381-A218-F4B50B864E11}.Debug|Any CPU.Build.0 = Debug|Any CPU
		{DC90685C-47CD-4381-A218-F4B50B864E11}.Release|Any CPU.ActiveCfg = Release|Any CPU
		{DC90685C-47CD-4381-A218-F4B50B864E11}.Release|Any CPU.Build.0 = Release|Any CPU
		{145D66E5-D815-4B34-8F65-B68CEF559AFF}.Debug|Any CPU.ActiveCfg = Debug|Any CPU
		{145D66E5-D815-4B34-8F65-B68CEF559AFF}.Debug|Any CPU.Build.0 = Debug|Any CPU
		{145D66E5-D815-4B34-8F65-B68CEF559AFF}.Release|Any CPU.ActiveCfg = Release|Any CPU
		{145D66E5-D815-4B34-8F65-B68CEF559AFF}.Release|Any CPU.Build.0 = Release|Any CPU
		{669E3AF6-32FE-489B-93B4-5AA72E73F67D}.Debug|Any CPU.ActiveCfg = Debug|Any CPU
		{669E3AF6-32FE-489B-93B4-5AA72E73F67D}.Debug|Any CPU.Build.0 = Debug|Any CPU
		{669E3AF6-32FE-489B-93B4-5AA72E73F67D}.Release|Any CPU.ActiveCfg = Release|Any CPU
		{669E3AF6-32FE-489B-93B4-5AA72E73F67D}.Release|Any CPU.Build.0 = Release|Any CPU
		{20D70A3B-43F6-4B20-A080-B26B69557820}.Debug|Any CPU.ActiveCfg = Debug|Any CPU
		{20D70A3B-43F6-4B20-A080-B26B69557820}.Debug|Any CPU.Build.0 = Debug|Any CPU
		{20D70A3B-43F6-4B20-A080-B26B69557820}.Release|Any CPU.ActiveCfg = Release|Any CPU
		{20D70A3B-43F6-4B20-A080-B26B69557820}.Release|Any CPU.Build.0 = Release|Any CPU
		{BC75539C-CB98-43CD-86F4-ACEF50901992}.Debug|Any CPU.ActiveCfg = Debug|Any CPU
		{BC75539C-CB98-43CD-86F4-ACEF50901992}.Debug|Any CPU.Build.0 = Debug|Any CPU
		{BC75539C-CB98-43CD-86F4-ACEF50901992}.Release|Any CPU.ActiveCfg = Release|Any CPU
		{BC75539C-CB98-43CD-86F4-ACEF50901992}.Release|Any CPU.Build.0 = Release|Any CPU
	EndGlobalSection
	GlobalSection(SolutionProperties) = preSolution
		HideSolutionNode = FALSE
	EndGlobalSection
	GlobalSection(NestedProjects) = preSolution
		{669E3AF6-32FE-489B-93B4-5AA72E73F67D} = {EF7F924E-B432-49EA-987E-1F75E6F5BB70}
		{20D70A3B-43F6-4B20-A080-B26B69557820} = {EF7F924E-B432-49EA-987E-1F75E6F5BB70}
		{BC75539C-CB98-43CD-86F4-ACEF50901992} = {EF7F924E-B432-49EA-987E-1F75E6F5BB70}
	EndGlobalSection
	GlobalSection(ExtensibilityGlobals) = postSolution
		SolutionGuid = {72460E75-4CEB-434E-850B-850A06BBFF52}
	EndGlobalSection
EndGlobal
