
Microsoft Visual Studio Solution File, Format Version 12.00
# Visual Studio Version 17
VisualStudioVersion = 17.2.32526.322
MinimumVisualStudioVersion = 10.0.40219.1
Project("{9A19103F-16F7-4668-BE54-9A1E7A4F7556}") = "Authorization", "Authorization\Authorization.csproj", "{9ED6E788-DDC5-421F-9647-93D3724A8EBE}"
EndProject
Project("{9A19103F-16F7-4668-BE54-9A1E7A4F7556}") = "Authorization.Sql", "Authorization.Sql\Authorization.Sql.csproj", "{145D66E5-D815-4B34-8F65-B68CEF559AFF}"
EndProject
Project("{9A19103F-16F7-4668-BE54-9A1E7A4F7556}") = "Authorization.Entities", "Authorization.Entities\Authorization.Entities.csproj", "{20D70A3B-43F6-4B20-A080-B26B69557820}"
EndProject
Project("{9A19103F-16F7-4668-BE54-9A1E7A4F7556}") = "Authorization.Core", "Authorization.Core\Authorization.Core.csproj", "{BC75539C-CB98-43CD-86F4-ACEF50901992}"
EndProject
Project("{9A19103F-16F7-4668-BE54-9A1E7A4F7556}") = "Authorization.Abstractions", "Authorization.Abstractions\Authorization.Abstractions.csproj", "{753DE9F1-418E-4C6A-A252-F879F1EA8C7E}"
EndProject
Project("{9A19103F-16F7-4668-BE54-9A1E7A4F7556}") = "Authorization.Contracts", "Authorization.Contracts\Authorization.Contracts.csproj", "{DC636AB4-9B6E-492F-8207-45C5FB55EFF8}"
EndProject
Project("{9A19103F-16F7-4668-BE54-9A1E7A4F7556}") = "Authorization.Validation", "Authorization.Validation\Authorization.Validation.csproj", "{915A0CAD-5D8A-43E6-AC17-5212408ACDC1}"
EndProject
Project("{9A19103F-16F7-4668-BE54-9A1E7A4F7556}") = "Authorization.Configuration", "Authorization.Configuration\Authorization.Configuration.csproj", "{6944C77E-C650-4EAF-A9ED-CD68604D0C44}"
EndProject
Project("{9A19103F-16F7-4668-BE54-9A1E7A4F7556}") = "Authorization.Common", "Authorization.Common\Authorization.Common.csproj", "{D7FE1C61-06CA-48A0-AC6E-A02373898251}"
EndProject
Project("{9A19103F-16F7-4668-BE54-9A1E7A4F7556}") = "Client", "Client\Client.csproj", "{FBFE3D21-D177-4345-94D9-563FF0F234D7}"
EndProject
Global
	GlobalSection(SolutionConfigurationPlatforms) = preSolution
		Debug|Any CPU = Debug|Any CPU
		Release|Any CPU = Release|Any CPU
	EndGlobalSection
	GlobalSection(ProjectConfigurationPlatforms) = postSolution
		{9ED6E788-DDC5-421F-9647-93D3724A8EBE}.Debug|Any CPU.ActiveCfg = Debug|Any CPU
		{9ED6E788-DDC5-421F-9647-93D3724A8EBE}.Debug|Any CPU.Build.0 = Debug|Any CPU
		{9ED6E788-DDC5-421F-9647-93D3724A8EBE}.Release|Any CPU.ActiveCfg = Release|Any CPU
		{9ED6E788-DDC5-421F-9647-93D3724A8EBE}.Release|Any CPU.Build.0 = Release|Any CPU
		{145D66E5-D815-4B34-8F65-B68CEF559AFF}.Debug|Any CPU.ActiveCfg = Debug|Any CPU
		{145D66E5-D815-4B34-8F65-B68CEF559AFF}.Debug|Any CPU.Build.0 = Debug|Any CPU
		{145D66E5-D815-4B34-8F65-B68CEF559AFF}.Release|Any CPU.ActiveCfg = Release|Any CPU
		{145D66E5-D815-4B34-8F65-B68CEF559AFF}.Release|Any CPU.Build.0 = Release|Any CPU
		{20D70A3B-43F6-4B20-A080-B26B69557820}.Debug|Any CPU.ActiveCfg = Debug|Any CPU
		{20D70A3B-43F6-4B20-A080-B26B69557820}.Debug|Any CPU.Build.0 = Debug|Any CPU
		{20D70A3B-43F6-4B20-A080-B26B69557820}.Release|Any CPU.ActiveCfg = Release|Any CPU
		{20D70A3B-43F6-4B20-A080-B26B69557820}.Release|Any CPU.Build.0 = Release|Any CPU
		{BC75539C-CB98-43CD-86F4-ACEF50901992}.Debug|Any CPU.ActiveCfg = Debug|Any CPU
		{BC75539C-CB98-43CD-86F4-ACEF50901992}.Debug|Any CPU.Build.0 = Debug|Any CPU
		{BC75539C-CB98-43CD-86F4-ACEF50901992}.Release|Any CPU.ActiveCfg = Release|Any CPU
		{BC75539C-CB98-43CD-86F4-ACEF50901992}.Release|Any CPU.Build.0 = Release|Any CPU
		{753DE9F1-418E-4C6A-A252-F879F1EA8C7E}.Debug|Any CPU.ActiveCfg = Debug|Any CPU
		{753DE9F1-418E-4C6A-A252-F879F1EA8C7E}.Debug|Any CPU.Build.0 = Debug|Any CPU
		{753DE9F1-418E-4C6A-A252-F879F1EA8C7E}.Release|Any CPU.ActiveCfg = Release|Any CPU
		{753DE9F1-418E-4C6A-A252-F879F1EA8C7E}.Release|Any CPU.Build.0 = Release|Any CPU
		{DC636AB4-9B6E-492F-8207-45C5FB55EFF8}.Debug|Any CPU.ActiveCfg = Debug|Any CPU
		{DC636AB4-9B6E-492F-8207-45C5FB55EFF8}.Debug|Any CPU.Build.0 = Debug|Any CPU
		{DC636AB4-9B6E-492F-8207-45C5FB55EFF8}.Release|Any CPU.ActiveCfg = Release|Any CPU
		{DC636AB4-9B6E-492F-8207-45C5FB55EFF8}.Release|Any CPU.Build.0 = Release|Any CPU
		{915A0CAD-5D8A-43E6-AC17-5212408ACDC1}.Debug|Any CPU.ActiveCfg = Debug|Any CPU
		{915A0CAD-5D8A-43E6-AC17-5212408ACDC1}.Debug|Any CPU.Build.0 = Debug|Any CPU
		{915A0CAD-5D8A-43E6-AC17-5212408ACDC1}.Release|Any CPU.ActiveCfg = Release|Any CPU
		{915A0CAD-5D8A-43E6-AC17-5212408ACDC1}.Release|Any CPU.Build.0 = Release|Any CPU
		{6944C77E-C650-4EAF-A9ED-CD68604D0C44}.Debug|Any CPU.ActiveCfg = Debug|Any CPU
		{6944C77E-C650-4EAF-A9ED-CD68604D0C44}.Debug|Any CPU.Build.0 = Debug|Any CPU
		{6944C77E-C650-4EAF-A9ED-CD68604D0C44}.Release|Any CPU.ActiveCfg = Release|Any CPU
		{6944C77E-C650-4EAF-A9ED-CD68604D0C44}.Release|Any CPU.Build.0 = Release|Any CPU
		{D7FE1C61-06CA-48A0-AC6E-A02373898251}.Debug|Any CPU.ActiveCfg = Debug|Any CPU
		{D7FE1C61-06CA-48A0-AC6E-A02373898251}.Debug|Any CPU.Build.0 = Debug|Any CPU
		{D7FE1C61-06CA-48A0-AC6E-A02373898251}.Release|Any CPU.ActiveCfg = Release|Any CPU
		{D7FE1C61-06CA-48A0-AC6E-A02373898251}.Release|Any CPU.Build.0 = Release|Any CPU
		{FBFE3D21-D177-4345-94D9-563FF0F234D7}.Debug|Any CPU.ActiveCfg = Debug|Any CPU
		{FBFE3D21-D177-4345-94D9-563FF0F234D7}.Debug|Any CPU.Build.0 = Debug|Any CPU
		{FBFE3D21-D177-4345-94D9-563FF0F234D7}.Release|Any CPU.ActiveCfg = Release|Any CPU
		{FBFE3D21-D177-4345-94D9-563FF0F234D7}.Release|Any CPU.Build.0 = Release|Any CPU
	EndGlobalSection
	GlobalSection(SolutionProperties) = preSolution
		HideSolutionNode = FALSE
	EndGlobalSection
	GlobalSection(ExtensibilityGlobals) = postSolution
		SolutionGuid = {72460E75-4CEB-434E-850B-850A06BBFF52}
	EndGlobalSection
EndGlobal
