
Microsoft Visual Studio Solution File, Format Version 12.00
# Visual Studio Version 16
VisualStudioVersion = 16.0.31424.327
MinimumVisualStudioVersion = 10.0.40219.1
Project("{9A19103F-16F7-4668-BE54-9A1E7A4F7556}") = "Authorization", "Authorization\Authorization.csproj", "{9ED6E788-DDC5-421F-9647-93D3724A8EBE}"
EndProject
Project("{9A19103F-16F7-4668-BE54-9A1E7A4F7556}") = "Authorization.Contracts", "Authorization.Contract\Authorization.Contracts.csproj", "{DC90685C-47CD-4381-A218-F4B50B864E11}"
EndProject
Project("{9A19103F-16F7-4668-BE54-9A1E7A4F7556}") = "Authorization.Sql", "Authorization.Sql\Authorization.Sql.csproj", "{145D66E5-D815-4B34-8F65-B68CEF559AFF}"
EndProject
Project("{9A19103F-16F7-4668-BE54-9A1E7A4F7556}") = "Authorization.Abstraction", "Authorization.Abstraction\Authorization.Abstraction.csproj", "{669E3AF6-32FE-489B-93B4-5AA72E73F67D}"
EndProject
Global
	GlobalSection(SolutionConfigurationPlatforms) = preSolution
		Debug|Any CPU = Debug|Any CPU
		Release|Any CPU = Release|Any CPU
	EndGlobalSection
	GlobalSection(ProjectConfigurationPlatforms) = postSolution
		{9ED6E788-DDC5-421F-9647-93D3724A8EBE}.Debug|Any CPU.ActiveCfg = Debug|Any CPU
		{9ED6E788-DDC5-421F-9647-93D3724A8EBE}.Debug|Any CPU.Build.0 = Debug|Any CPU
		{9ED6E788-DDC5-421F-9647-93D3724A8EBE}.Release|Any CPU.ActiveCfg = Release|Any CPU
		{9ED6E788-DDC5-421F-9647-93D3724A8EBE}.Release|Any CPU.Build.0 = Release|Any CPU
		{DC90685C-47CD-4381-A218-F4B50B864E11}.Debug|Any CPU.ActiveCfg = Debug|Any CPU
		{DC90685C-47CD-4381-A218-F4B50B864E11}.Debug|Any CPU.Build.0 = Debug|Any CPU
		{DC90685C-47CD-4381-A218-F4B50B864E11}.Release|Any CPU.ActiveCfg = Release|Any CPU
		{DC90685C-47CD-4381-A218-F4B50B864E11}.Release|Any CPU.Build.0 = Release|Any CPU
		{145D66E5-D815-4B34-8F65-B68CEF559AFF}.Debug|Any CPU.ActiveCfg = Debug|Any CPU
		{145D66E5-D815-4B34-8F65-B68CEF559AFF}.Debug|Any CPU.Build.0 = Debug|Any CPU
		{145D66E5-D815-4B34-8F65-B68CEF559AFF}.Release|Any CPU.ActiveCfg = Release|Any CPU
		{145D66E5-D815-4B34-8F65-B68CEF559AFF}.Release|Any CPU.Build.0 = Release|Any CPU
		{669E3AF6-32FE-489B-93B4-5AA72E73F67D}.Debug|Any CPU.ActiveCfg = Debug|Any CPU
		{669E3AF6-32FE-489B-93B4-5AA72E73F67D}.Debug|Any CPU.Build.0 = Debug|Any CPU
		{669E3AF6-32FE-489B-93B4-5AA72E73F67D}.Release|Any CPU.ActiveCfg = Release|Any CPU
		{669E3AF6-32FE-489B-93B4-5AA72E73F67D}.Release|Any CPU.Build.0 = Release|Any CPU
	EndGlobalSection
	GlobalSection(SolutionProperties) = preSolution
		HideSolutionNode = FALSE
	EndGlobalSection
	GlobalSection(ExtensibilityGlobals) = postSolution
		SolutionGuid = {72460E75-4CEB-434E-850B-850A06BBFF52}
	EndGlobalSection
EndGlobal
